
Microsoft Visual Studio Solution File, Format Version 11.00
# Visual Studio 2010
Project("{8BC9CEB8-8B4A-11D0-8D11-00A0C91BC942}") = "ProgressDemo", "ProgressDemo.vcxproj", "{79A7701D-BD62-5971-26E1-6CD01936ED1F}"
EndProject
Global
	GlobalSection(SolutionConfigurationPlatforms) = preSolution
		Debug|Win32 = Debug|Win32
		Release|Win32 = Release|Win32
	EndGlobalSection
	GlobalSection(ProjectConfigurationPlatforms) = postSolution
		{79A7701D-BD62-5971-26E1-6CD01936ED1F}.Debug|Win32.ActiveCfg = Debug|Win32
		{79A7701D-BD62-5971-26E1-6CD01936ED1F}.Debug|Win32.Build.0 = Debug|Win32
		{79A7701D-BD62-5971-26E1-6CD01936ED1F}.Release|Win32.ActiveCfg = Release|Win32
		{79A7701D-BD62-5971-26E1-6CD01936ED1F}.Release|Win32.Build.0 = Release|Win32
	EndGlobalSection
	GlobalSection(SolutionProperties) = preSolution
		HideSolutionNode = FALSE
	EndGlobalSection
EndGlobal
