
Microsoft Visual Studio Solution File, Format Version 11.00
# Visual Studio 2010
Project("{8BC9CEB8-8B4A-11D0-8D11-00A0C91BC942}") = "round button", "round button\round button.vcxproj", "{4AF25CBB-477D-4CE3-9261-BD8347CFD9C0}"
EndProject
Global
	GlobalSection(SolutionConfigurationPlatforms) = preSolution
		Debug|Win32 = Debug|Win32
		Release|Win32 = Release|Win32
	EndGlobalSection
	GlobalSection(ProjectConfigurationPlatforms) = postSolution
		{4AF25CBB-477D-4CE3-9261-BD8347CFD9C0}.Debug|Win32.ActiveCfg = Debug|Win32
		{4AF25CBB-477D-4CE3-9261-BD8347CFD9C0}.Debug|Win32.Build.0 = Debug|Win32
		{4AF25CBB-477D-4CE3-9261-BD8347CFD9C0}.Release|Win32.ActiveCfg = Release|Win32
		{4AF25CBB-477D-4CE3-9261-BD8347CFD9C0}.Release|Win32.Build.0 = Release|Win32
	EndGlobalSection
	GlobalSection(SolutionProperties) = preSolution
		HideSolutionNode = FALSE
	EndGlobalSection
EndGlobal
