
Microsoft Visual Studio Solution File, Format Version 11.00
# Visual Studio 2010
Project("{8BC9CEB8-8B4A-11D0-8D11-00A0C91BC942}") = "MultiFiler", "MultiFiler.vcxproj", "{FA1B66D3-598B-8BF9-99FD-D961BD907AD5}"
EndProject
Global
	GlobalSection(SolutionConfigurationPlatforms) = preSolution
		Debug Unicode|Win32 = Debug Unicode|Win32
		Debug|Win32 = Debug|Win32
		Release Unicode|Win32 = Release Unicode|Win32
		Release|Win32 = Release|Win32
		Template|Win32 = Template|Win32
	EndGlobalSection
	GlobalSection(ProjectConfigurationPlatforms) = postSolution
		{FA1B66D3-598B-8BF9-99FD-D961BD907AD5}.Debug Unicode|Win32.ActiveCfg = Debug Unicode|Win32
		{FA1B66D3-598B-8BF9-99FD-D961BD907AD5}.Debug Unicode|Win32.Build.0 = Debug Unicode|Win32
		{FA1B66D3-598B-8BF9-99FD-D961BD907AD5}.Debug|Win32.ActiveCfg = Debug|Win32
		{FA1B66D3-598B-8BF9-99FD-D961BD907AD5}.Debug|Win32.Build.0 = Debug|Win32
		{FA1B66D3-598B-8BF9-99FD-D961BD907AD5}.Release Unicode|Win32.ActiveCfg = Release Unicode|Win32
		{FA1B66D3-598B-8BF9-99FD-D961BD907AD5}.Release Unicode|Win32.Build.0 = Release Unicode|Win32
		{FA1B66D3-598B-8BF9-99FD-D961BD907AD5}.Release|Win32.ActiveCfg = Release|Win32
		{FA1B66D3-598B-8BF9-99FD-D961BD907AD5}.Release|Win32.Build.0 = Release|Win32
		{FA1B66D3-598B-8BF9-99FD-D961BD907AD5}.Template|Win32.ActiveCfg = Template|Win32
		{FA1B66D3-598B-8BF9-99FD-D961BD907AD5}.Template|Win32.Build.0 = Template|Win32
	EndGlobalSection
	GlobalSection(SolutionProperties) = preSolution
		HideSolutionNode = FALSE
	EndGlobalSection
EndGlobal
