
Microsoft Visual Studio Solution File, Format Version 11.00
# Visual Studio 2010
Project("{8BC9CEB8-8B4A-11D0-8D11-00A0C91BC942}") = "SubClassWndProc", "SubClassWndProc\SubClassWndProc.vcxproj", "{16A230E9-A035-4854-8E0D-D8DE5DFD9095}"
EndProject
Global
	GlobalSection(SolutionConfigurationPlatforms) = preSolution
		Debug|Win32 = Debug|Win32
		Release|Win32 = Release|Win32
	EndGlobalSection
	GlobalSection(ProjectConfigurationPlatforms) = postSolution
		{16A230E9-A035-4854-8E0D-D8DE5DFD9095}.Debug|Win32.ActiveCfg = Debug|Win32
		{16A230E9-A035-4854-8E0D-D8DE5DFD9095}.Debug|Win32.Build.0 = Debug|Win32
		{16A230E9-A035-4854-8E0D-D8DE5DFD9095}.Release|Win32.ActiveCfg = Release|Win32
		{16A230E9-A035-4854-8E0D-D8DE5DFD9095}.Release|Win32.Build.0 = Release|Win32
	EndGlobalSection
	GlobalSection(SolutionProperties) = preSolution
		HideSolutionNode = FALSE
	EndGlobalSection
EndGlobal
