
Microsoft Visual Studio Solution File, Format Version 11.00
# Visual Studio 2010
Project("{8BC9CEB8-8B4A-11D0-8D11-00A0C91BC942}") = "delete", "delete\delete.vcxproj", "{C0924B3E-90F7-4F75-BA5A-5F3FD3426C6D}"
EndProject
Global
	GlobalSection(SolutionConfigurationPlatforms) = preSolution
		Debug|Win32 = Debug|Win32
		Release|Win32 = Release|Win32
	EndGlobalSection
	GlobalSection(ProjectConfigurationPlatforms) = postSolution
		{C0924B3E-90F7-4F75-BA5A-5F3FD3426C6D}.Debug|Win32.ActiveCfg = Debug|Win32
		{C0924B3E-90F7-4F75-BA5A-5F3FD3426C6D}.Debug|Win32.Build.0 = Debug|Win32
		{C0924B3E-90F7-4F75-BA5A-5F3FD3426C6D}.Release|Win32.ActiveCfg = Release|Win32
		{C0924B3E-90F7-4F75-BA5A-5F3FD3426C6D}.Release|Win32.Build.0 = Release|Win32
	EndGlobalSection
	GlobalSection(SolutionProperties) = preSolution
		HideSolutionNode = FALSE
	EndGlobalSection
EndGlobal
