
Microsoft Visual Studio Solution File, Format Version 11.00
# Visual Studio 2010
Project("{8BC9CEB8-8B4A-11D0-8D11-00A0C91BC942}") = "p21", "p21.vcxproj", "{1DB012E7-58E1-0B69-D3F6-0689D3ED582A}"
EndProject
Global
	GlobalSection(SolutionConfigurationPlatforms) = preSolution
		Debug|Win32 = Debug|Win32
		Release|Win32 = Release|Win32
	EndGlobalSection
	GlobalSection(ProjectConfigurationPlatforms) = postSolution
		{1DB012E7-58E1-0B69-D3F6-0689D3ED582A}.Debug|Win32.ActiveCfg = Debug|Win32
		{1DB012E7-58E1-0B69-D3F6-0689D3ED582A}.Debug|Win32.Build.0 = Debug|Win32
		{1DB012E7-58E1-0B69-D3F6-0689D3ED582A}.Release|Win32.ActiveCfg = Release|Win32
		{1DB012E7-58E1-0B69-D3F6-0689D3ED582A}.Release|Win32.Build.0 = Release|Win32
	EndGlobalSection
	GlobalSection(SolutionProperties) = preSolution
		HideSolutionNode = FALSE
	EndGlobalSection
EndGlobal
