
Microsoft Visual Studio Solution File, Format Version 11.00
# Visual Studio 2010
Project("{8BC9CEB8-8B4A-11D0-8D11-00A0C91BC942}") = "main", "main.vcxproj", "{AAE20928-FABE-AB01-2A5D-50526689A515}"
EndProject
Global
	GlobalSection(SolutionConfigurationPlatforms) = preSolution
		Debug|Win32 = Debug|Win32
		Release|Win32 = Release|Win32
	EndGlobalSection
	GlobalSection(ProjectConfigurationPlatforms) = postSolution
		{AAE20928-FABE-AB01-2A5D-50526689A515}.Debug|Win32.ActiveCfg = Debug|Win32
		{AAE20928-FABE-AB01-2A5D-50526689A515}.Debug|Win32.Build.0 = Debug|Win32
		{AAE20928-FABE-AB01-2A5D-50526689A515}.Release|Win32.ActiveCfg = Release|Win32
		{AAE20928-FABE-AB01-2A5D-50526689A515}.Release|Win32.Build.0 = Release|Win32
	EndGlobalSection
	GlobalSection(SolutionProperties) = preSolution
		HideSolutionNode = FALSE
	EndGlobalSection
EndGlobal
