
Microsoft Visual Studio Solution File, Format Version 11.00
# Visual Studio 2010
Project("{8BC9CEB8-8B4A-11D0-8D11-00A0C91BC942}") = "p21", "p21.vcxproj", "{B79D36ED-A97F-5663-CCFA-4E1F8C3854BA}"
EndProject
Global
	GlobalSection(SolutionConfigurationPlatforms) = preSolution
		Debug|Win32 = Debug|Win32
		Release|Win32 = Release|Win32
	EndGlobalSection
	GlobalSection(ProjectConfigurationPlatforms) = postSolution
		{B79D36ED-A97F-5663-CCFA-4E1F8C3854BA}.Debug|Win32.ActiveCfg = Debug|Win32
		{B79D36ED-A97F-5663-CCFA-4E1F8C3854BA}.Debug|Win32.Build.0 = Debug|Win32
		{B79D36ED-A97F-5663-CCFA-4E1F8C3854BA}.Release|Win32.ActiveCfg = Release|Win32
		{B79D36ED-A97F-5663-CCFA-4E1F8C3854BA}.Release|Win32.Build.0 = Release|Win32
	EndGlobalSection
	GlobalSection(SolutionProperties) = preSolution
		HideSolutionNode = FALSE
	EndGlobalSection
EndGlobal
