
Microsoft Visual Studio Solution File, Format Version 11.00
# Visual Studio 2010
Project("{8BC9CEB8-8B4A-11D0-8D11-00A0C91BC942}") = "MultiFiler", "MultiFiler.vcxproj", "{B3AFEE90-FADC-94F4-ED4E-F91D08DF2BD4}"
EndProject
Global
	GlobalSection(SolutionConfigurationPlatforms) = preSolution
		Debug Unicode|Win32 = Debug Unicode|Win32
		Debug|Win32 = Debug|Win32
		Release Unicode|Win32 = Release Unicode|Win32
		Release|Win32 = Release|Win32
		Template|Win32 = Template|Win32
	EndGlobalSection
	GlobalSection(ProjectConfigurationPlatforms) = postSolution
		{B3AFEE90-FADC-94F4-ED4E-F91D08DF2BD4}.Debug Unicode|Win32.ActiveCfg = Debug Unicode|Win32
		{B3AFEE90-FADC-94F4-ED4E-F91D08DF2BD4}.Debug Unicode|Win32.Build.0 = Debug Unicode|Win32
		{B3AFEE90-FADC-94F4-ED4E-F91D08DF2BD4}.Debug|Win32.ActiveCfg = Debug|Win32
		{B3AFEE90-FADC-94F4-ED4E-F91D08DF2BD4}.Debug|Win32.Build.0 = Debug|Win32
		{B3AFEE90-FADC-94F4-ED4E-F91D08DF2BD4}.Release Unicode|Win32.ActiveCfg = Release Unicode|Win32
		{B3AFEE90-FADC-94F4-ED4E-F91D08DF2BD4}.Release Unicode|Win32.Build.0 = Release Unicode|Win32
		{B3AFEE90-FADC-94F4-ED4E-F91D08DF2BD4}.Release|Win32.ActiveCfg = Release|Win32
		{B3AFEE90-FADC-94F4-ED4E-F91D08DF2BD4}.Release|Win32.Build.0 = Release|Win32
		{B3AFEE90-FADC-94F4-ED4E-F91D08DF2BD4}.Template|Win32.ActiveCfg = Template|Win32
		{B3AFEE90-FADC-94F4-ED4E-F91D08DF2BD4}.Template|Win32.Build.0 = Template|Win32
	EndGlobalSection
	GlobalSection(SolutionProperties) = preSolution
		HideSolutionNode = FALSE
	EndGlobalSection
EndGlobal
